{
  "name": "beaver-dam-analogues",
  "lockfileVersion": 2,
  "requires": true,
  "packages": {
    "": {
      "name": "beaver-dam-analogues",
      "dependencies": {
        "chart.js": "^3.7.1",
        "chart.js-scatter": "^1.1.4"
      }
    },
    "node_modules/chart.js": {
      "version": "3.7.1",
      "resolved": "https://registry.npmjs.org/chart.js/-/chart.js-3.7.1.tgz",
      "integrity": "sha512-8knRegQLFnPQAheZV8MjxIXc5gQEfDFD897BJgv/klO/vtIyFFmgMXrNfgrXpbTr/XbTturxRgxIXx/Y+ASJBA==",
      "license": "MIT"
    },
    "node_modules/chart.js-scatter": {
      "version": "1.1.4",
      "resolved": "https://registry.npmjs.org/chart.js-scatter/-/chart.js-scatter-1.1.4.tgz",
      "integrity": "sha1-PYkDlbp/3Bca1webJ0bnwS3IsQk=",
      "dependencies": {
        "chart.js": "1.1.1"
      }
    },
    "node_modules/chart.js-scatter/node_modules/chart.js": {
      "version": "1.1.1",
      "resolved": "https://registry.npmjs.org/chart.js/-/chart.js-1.1.1.tgz",
      "integrity": "sha1-qbFwVCIL1Fy9sXb9a8uHg++HGn0="
    }
  },
  "dependencies": {
    "chart.js": {
      "version": "3.7.1",
      "resolved": "https://registry.npmjs.org/chart.js/-/chart.js-3.7.1.tgz",
      "integrity": "sha512-8knRegQLFnPQAheZV8MjxIXc5gQEfDFD897BJgv/klO/vtIyFFmgMXrNfgrXpbTr/XbTturxRgxIXx/Y+ASJBA=="
    },
    "chart.js-scatter": {
      "version": "1.1.4",
      "resolved": "https://registry.npmjs.org/chart.js-scatter/-/chart.js-scatter-1.1.4.tgz",
      "integrity": "sha1-PYkDlbp/3Bca1webJ0bnwS3IsQk=",
      "requires": {
        "chart.js": "1.1.1"
      },
      "dependencies": {
        "chart.js": {
          "version": "1.1.1",
          "resolved": "https://registry.npmjs.org/chart.js/-/chart.js-1.1.1.tgz",
          "integrity": "sha1-qbFwVCIL1Fy9sXb9a8uHg++HGn0="
        }
      }
    }
  }
}
