# THIS IS AN AUTOGENERATED FILE. DO NOT EDIT THIS FILE DIRECTLY.
# yarn lockfile v1


"chart.js-scatter@^1.1.4":
  "integrity" "sha1-PYkDlbp/3Bca1webJ0bnwS3IsQk="
  "resolved" "https://registry.npmjs.org/chart.js-scatter/-/chart.js-scatter-1.1.4.tgz"
  "version" "1.1.4"
  dependencies:
    "chart.js" "1.1.1"

"chart.js@^3.7.1":
  "integrity" "sha512-8knRegQLFnPQAheZV8MjxIXc5gQEfDFD897BJgv/klO/vtIyFFmgMXrNfgrXpbTr/XbTturxRgxIXx/Y+ASJBA=="
  "resolved" "https://registry.npmjs.org/chart.js/-/chart.js-3.7.1.tgz"
  "version" "3.7.1"

"chart.js@1.1.1":
  "integrity" "sha1-qbFwVCIL1Fy9sXb9a8uHg++HGn0="
  "resolved" "https://registry.npmjs.org/chart.js/-/chart.js-1.1.1.tgz"
  "version" "1.1.1"
